<Solution>
  <Project Path="SimpleBooking/SimpleBooking.csproj" />
  <Project Path="SimpleBooking.Core/SimpleBooking.Core.csproj" />
  <Project Path="SimpleBooking.Core.Tests/SimpleBooking.Core.Tests.csproj" />
  <Project Path="SimpleBooking.Infrastructure/SimpleBooking.Infrastructure.csproj" />
  <Project Path="SimpleBooking.Api/SimpleBooking.Api.csproj" />
  <Project Path="SimpleBooking.Api.Tests/SimpleBooking.Api.Tests.csproj" />
  <Project Path="SimpleBooking.Cli/SimpleBooking.Cli.csproj" />
  <Project Path="SimpleBooking.Cli.Tests/SimpleBooking.Cli.Tests.csproj" />
</Solution>
